
Microsoft Visual Studio Solution File, Format Version 12.00
# Visual Studio Version 16
VisualStudioVersion = 16.0.31515.178
MinimumVisualStudioVersion = 10.0.40219.1
Project("{9A19103F-16F7-4668-BE54-9A1E7A4F7556}") = "Sz.BlazorRerenderReducers.Server", "Sz.BlazorRerenderReducers\Server\Sz.BlazorRerenderReducers.Server.csproj", "{6271ADA2-DB33-415D-A060-FAC5578E309C}"
EndProject
Project("{9A19103F-16F7-4668-BE54-9A1E7A4F7556}") = "Sz.BlazorRerenderReducers.Client", "Sz.BlazorRerenderReducers\Client\Sz.BlazorRerenderReducers.Client.csproj", "{29170647-D40B-4E57-9F9C-AAB713FC1605}"
EndProject
Project("{9A19103F-16F7-4668-BE54-9A1E7A4F7556}") = "Sz.BlazorRerenderReducers", "Sz.BlazorRerenderReducers\Shared\Sz.BlazorRerenderReducers.csproj", "{DEE8283E-2C1F-4FEA-8FA4-A9C25E68E153}"
EndProject
Project("{2150E333-8FDC-42A3-9474-1A3956D46DE8}") = "Solution Items", "Solution Items", "{D0D7237C-EC30-4F4A-8580-BDD3CCEEFF71}"
	ProjectSection(SolutionItems) = preProject
		.gitignore = .gitignore
	EndProjectSection
EndProject
Global
	GlobalSection(SolutionConfigurationPlatforms) = preSolution
		Debug|Any CPU = Debug|Any CPU
		Release|Any CPU = Release|Any CPU
	EndGlobalSection
	GlobalSection(ProjectConfigurationPlatforms) = postSolution
		{6271ADA2-DB33-415D-A060-FAC5578E309C}.Debug|Any CPU.ActiveCfg = Debug|Any CPU
		{6271ADA2-DB33-415D-A060-FAC5578E309C}.Debug|Any CPU.Build.0 = Debug|Any CPU
		{6271ADA2-DB33-415D-A060-FAC5578E309C}.Release|Any CPU.ActiveCfg = Release|Any CPU
		{6271ADA2-DB33-415D-A060-FAC5578E309C}.Release|Any CPU.Build.0 = Release|Any CPU
		{29170647-D40B-4E57-9F9C-AAB713FC1605}.Debug|Any CPU.ActiveCfg = Debug|Any CPU
		{29170647-D40B-4E57-9F9C-AAB713FC1605}.Debug|Any CPU.Build.0 = Debug|Any CPU
		{29170647-D40B-4E57-9F9C-AAB713FC1605}.Release|Any CPU.ActiveCfg = Release|Any CPU
		{29170647-D40B-4E57-9F9C-AAB713FC1605}.Release|Any CPU.Build.0 = Release|Any CPU
		{DEE8283E-2C1F-4FEA-8FA4-A9C25E68E153}.Debug|Any CPU.ActiveCfg = Debug|Any CPU
		{DEE8283E-2C1F-4FEA-8FA4-A9C25E68E153}.Debug|Any CPU.Build.0 = Debug|Any CPU
		{DEE8283E-2C1F-4FEA-8FA4-A9C25E68E153}.Release|Any CPU.ActiveCfg = Release|Any CPU
		{DEE8283E-2C1F-4FEA-8FA4-A9C25E68E153}.Release|Any CPU.Build.0 = Release|Any CPU
	EndGlobalSection
	GlobalSection(SolutionProperties) = preSolution
		HideSolutionNode = FALSE
	EndGlobalSection
	GlobalSection(ExtensibilityGlobals) = postSolution
		SolutionGuid = {54000CA6-D09D-4F35-BA4C-952C51B014EE}
	EndGlobalSection
EndGlobal
